
Microsoft Visual Studio Solution File, Format Version 12.00
# Visual Studio Version 17
VisualStudioVersion = 17.0.31612.314
MinimumVisualStudioVersion = 10.0.40219.1
Project("{FAE04EC0-301F-11D3-BF4B-00C04F79EFBC}") = "Minimal API Crud", "Minimal API Crud\Minimal API Crud.csproj", "{6B9A1FAD-76B1-454E-A775-755B77A8BBF0}"
EndProject
Global
	GlobalSection(SolutionConfigurationPlatforms) = preSolution
		Debug|Any CPU = Debug|Any CPU
		Release|Any CPU = Release|Any CPU
	EndGlobalSection
	GlobalSection(ProjectConfigurationPlatforms) = postSolution
		{6B9A1FAD-76B1-454E-A775-755B77A8BBF0}.Debug|Any CPU.ActiveCfg = Debug|Any CPU
		{6B9A1FAD-76B1-454E-A775-755B77A8BBF0}.Debug|Any CPU.Build.0 = Debug|Any CPU
		{6B9A1FAD-76B1-454E-A775-755B77A8BBF0}.Release|Any CPU.ActiveCfg = Release|Any CPU
		{6B9A1FAD-76B1-454E-A775-755B77A8BBF0}.Release|Any CPU.Build.0 = Release|Any CPU
	EndGlobalSection
	GlobalSection(SolutionProperties) = preSolution
		HideSolutionNode = FALSE
	EndGlobalSection
	GlobalSection(ExtensibilityGlobals) = postSolution
		SolutionGuid = {25AA4254-FB5E-4FB6-8022-378CCC04F58E}
	EndGlobalSection
EndGlobal
